
Microsoft Visual Studio Solution File, Format Version 12.00
# Visual Studio Version 17
VisualStudioVersion = 17.4.33110.190
MinimumVisualStudioVersion = 10.0.40219.1
Project("{FAE04EC0-301F-11D3-BF4B-00C04F79EFBC}") = "Visualize3D", "Visualize3D\Visualize3D.csproj", "{06556D47-88AC-427C-9282-534B9A0FB88B}"
EndProject
Global
	GlobalSection(SolutionConfigurationPlatforms) = preSolution
		Debug|Any CPU = Debug|Any CPU
		Release|Any CPU = Release|Any CPU
	EndGlobalSection
	GlobalSection(ProjectConfigurationPlatforms) = postSolution
		{06556D47-88AC-427C-9282-534B9A0FB88B}.Debug|Any CPU.ActiveCfg = Debug|Any CPU
		{06556D47-88AC-427C-9282-534B9A0FB88B}.Debug|Any CPU.Build.0 = Debug|Any CPU
		{06556D47-88AC-427C-9282-534B9A0FB88B}.Release|Any CPU.ActiveCfg = Release|Any CPU
		{06556D47-88AC-427C-9282-534B9A0FB88B}.Release|Any CPU.Build.0 = Release|Any CPU
	EndGlobalSection
	GlobalSection(SolutionProperties) = preSolution
		HideSolutionNode = FALSE
	EndGlobalSection
	GlobalSection(ExtensibilityGlobals) = postSolution
		SolutionGuid = {B78CDA00-F921-4922-86D7-73DE6A6C0A70}
	EndGlobalSection
EndGlobal
